# This file is automatically @generated by Cargo.
# It is not intended for manual editing.
version = 4

[[package]]
name = "finstack-ai"
version = "0.0.1"
dependencies = [
 "finstack-ai-runtime",
]

[[package]]
name = "finstack-ai-kernel"
version = "0.0.1"

[[package]]
name = "finstack-ai-protocol"
version = "0.0.1"
dependencies = [
 "finstack-ai-kernel",
]

[[package]]
name = "finstack-ai-python"
version = "0.0.1"
dependencies = [
 "finstack-ai",
]

[[package]]
name = "finstack-ai-runtime"
version = "0.0.1"
dependencies = [
 "finstack-ai-kernel",
]

[[package]]
name = "finstack-ai-test"
version = "0.0.1"
dependencies = [
 "finstack-ai-kernel",
 "finstack-ai-runtime",
]

[[package]]
name = "finstack-ai-wasm"
version = "0.0.1"
dependencies = [
 "finstack-ai",
]
